
Microsoft Visual Studio Solution File, Format Version 12.00
# Visual Studio Version 17
VisualStudioVersion = 17.4.33110.190
MinimumVisualStudioVersion = 10.0.40219.1
Project("{FAE04EC0-301F-11D3-BF4B-00C04F79EFBC}") = "Days_In_Week", "Days_In_Week\Days_In_Week.csproj", "{7E347005-0F96-4C2C-A9A6-457E2A1D1063}"
EndProject
Global
	GlobalSection(SolutionConfigurationPlatforms) = preSolution
		Debug|Any CPU = Debug|Any CPU
		Release|Any CPU = Release|Any CPU
	EndGlobalSection
	GlobalSection(ProjectConfigurationPlatforms) = postSolution
		{7E347005-0F96-4C2C-A9A6-457E2A1D1063}.Debug|Any CPU.ActiveCfg = Debug|Any CPU
		{7E347005-0F96-4C2C-A9A6-457E2A1D1063}.Debug|Any CPU.Build.0 = Debug|Any CPU
		{7E347005-0F96-4C2C-A9A6-457E2A1D1063}.Release|Any CPU.ActiveCfg = Release|Any CPU
		{7E347005-0F96-4C2C-A9A6-457E2A1D1063}.Release|Any CPU.Build.0 = Release|Any CPU
	EndGlobalSection
	GlobalSection(SolutionProperties) = preSolution
		HideSolutionNode = FALSE
	EndGlobalSection
	GlobalSection(ExtensibilityGlobals) = postSolution
		SolutionGuid = {C4E63520-B130-403D-B79F-8516A9BF150A}
	EndGlobalSection
EndGlobal
